
Microsoft Visual Studio Solution File, Format Version 12.00
# Visual Studio Version 16
VisualStudioVersion = 16.0.29728.190
MinimumVisualStudioVersion = 10.0.40219.1
Project("{FAE04EC0-301F-11D3-BF4B-00C04F79EFBC}") = "HackerRank", "HackerRank\HackerRank.csproj", "{B77E7902-F69C-4407-9B3F-8AFA3BE4C823}"
EndProject
Project("{2150E333-8FDC-42A3-9474-1A3956D46DE8}") = "Plus Minus", "Plus Minus", "{D56DE550-9EF2-4178-BD9A-80BA4EF1803D}"
EndProject
Project("{FAE04EC0-301F-11D3-BF4B-00C04F79EFBC}") = "PlusMinus", "PlusMinus\PlusMinus.csproj", "{5C86BB1B-7B5D-49C6-A30C-F720756435BF}"
EndProject
Project("{2150E333-8FDC-42A3-9474-1A3956D46DE8}") = "Staircase", "Staircase", "{5C93A2EC-A647-4C51-AAFB-F7AA7B53C022}"
EndProject
Project("{FAE04EC0-301F-11D3-BF4B-00C04F79EFBC}") = "Staircase", "Staircase\Staircase.csproj", "{D7F59575-A7DA-4D72-B60B-9A2E80D85381}"
EndProject
Project("{2150E333-8FDC-42A3-9474-1A3956D46DE8}") = "Grading Students", "Grading Students", "{46217D89-0AAC-406A-A0E7-F983BF45B0A9}"
EndProject
Project("{FAE04EC0-301F-11D3-BF4B-00C04F79EFBC}") = "GradingStudents", "GradingStudents\GradingStudents.csproj", "{6E80C8C0-DD8E-453B-BCE5-A3DBEBB95481}"
EndProject
Project("{2150E333-8FDC-42A3-9474-1A3956D46DE8}") = "MinMax", "MinMax", "{33452D68-5618-40E1-8990-2E4CD0A0B168}"
EndProject
Project("{FAE04EC0-301F-11D3-BF4B-00C04F79EFBC}") = "MinMax", "MinMax\MinMax.csproj", "{121B841F-537A-4F2E-A1AB-7EE39E7B6B01}"
EndProject
Project("{2150E333-8FDC-42A3-9474-1A3956D46DE8}") = "BirthdayCakeCandle", "BirthdayCakeCandle", "{7B7C35A9-E006-42DC-A8C8-CDCD024EEE79}"
EndProject
Project("{FAE04EC0-301F-11D3-BF4B-00C04F79EFBC}") = "BirthdayCakeCandle", "BirthdayCakeCandle\BirthdayCakeCandle.csproj", "{96B3ECCC-AB57-4168-B1D2-9A43E24E31D9}"
EndProject
Project("{2150E333-8FDC-42A3-9474-1A3956D46DE8}") = "DateTime", "DateTime", "{4539508E-2248-4555-BF06-F503CD727F11}"
EndProject
Project("{FAE04EC0-301F-11D3-BF4B-00C04F79EFBC}") = "DateTime", "DateTime\DateTime.csproj", "{374411AB-D649-43EA-BCFB-F2054580394B}"
EndProject
Project("{2150E333-8FDC-42A3-9474-1A3956D46DE8}") = "CompareTriplets", "CompareTriplets", "{03A6F823-4DF5-4C6C-A3A3-FD1577702BA5}"
EndProject
Project("{FAE04EC0-301F-11D3-BF4B-00C04F79EFBC}") = "CompareTriplets", "CompareTriplets\CompareTriplets.csproj", "{4D20BAF0-67C7-4434-A8F7-CDA514218CF9}"
EndProject
Project("{2150E333-8FDC-42A3-9474-1A3956D46DE8}") = "AppleOrange", "AppleOrange", "{F4D4F203-A8B4-4A39-866B-7716587C7505}"
EndProject
Project("{FAE04EC0-301F-11D3-BF4B-00C04F79EFBC}") = "AppleOrange", "AppleOrange\AppleOrange.csproj", "{BEA805FC-FDA9-42C9-A1B1-03777EFBC906}"
EndProject
Project("{2150E333-8FDC-42A3-9474-1A3956D46DE8}") = "StringReverse", "StringReverse", "{1C8835F0-75C7-4F4F-86F7-B54C9A61341C}"
EndProject
Project("{FAE04EC0-301F-11D3-BF4B-00C04F79EFBC}") = "StringReverse", "StringReverse\StringReverse.csproj", "{2E40D4F2-DBF2-403A-BE8F-D98752A64B97}"
EndProject
Global
	GlobalSection(SolutionConfigurationPlatforms) = preSolution
		Debug|Any CPU = Debug|Any CPU
		Release|Any CPU = Release|Any CPU
	EndGlobalSection
	GlobalSection(ProjectConfigurationPlatforms) = postSolution
		{B77E7902-F69C-4407-9B3F-8AFA3BE4C823}.Debug|Any CPU.ActiveCfg = Debug|Any CPU
		{B77E7902-F69C-4407-9B3F-8AFA3BE4C823}.Debug|Any CPU.Build.0 = Debug|Any CPU
		{B77E7902-F69C-4407-9B3F-8AFA3BE4C823}.Release|Any CPU.ActiveCfg = Release|Any CPU
		{B77E7902-F69C-4407-9B3F-8AFA3BE4C823}.Release|Any CPU.Build.0 = Release|Any CPU
		{5C86BB1B-7B5D-49C6-A30C-F720756435BF}.Debug|Any CPU.ActiveCfg = Debug|Any CPU
		{5C86BB1B-7B5D-49C6-A30C-F720756435BF}.Debug|Any CPU.Build.0 = Debug|Any CPU
		{5C86BB1B-7B5D-49C6-A30C-F720756435BF}.Release|Any CPU.ActiveCfg = Release|Any CPU
		{5C86BB1B-7B5D-49C6-A30C-F720756435BF}.Release|Any CPU.Build.0 = Release|Any CPU
		{D7F59575-A7DA-4D72-B60B-9A2E80D85381}.Debug|Any CPU.ActiveCfg = Debug|Any CPU
		{D7F59575-A7DA-4D72-B60B-9A2E80D85381}.Debug|Any CPU.Build.0 = Debug|Any CPU
		{D7F59575-A7DA-4D72-B60B-9A2E80D85381}.Release|Any CPU.ActiveCfg = Release|Any CPU
		{D7F59575-A7DA-4D72-B60B-9A2E80D85381}.Release|Any CPU.Build.0 = Release|Any CPU
		{6E80C8C0-DD8E-453B-BCE5-A3DBEBB95481}.Debug|Any CPU.ActiveCfg = Debug|Any CPU
		{6E80C8C0-DD8E-453B-BCE5-A3DBEBB95481}.Debug|Any CPU.Build.0 = Debug|Any CPU
		{6E80C8C0-DD8E-453B-BCE5-A3DBEBB95481}.Release|Any CPU.ActiveCfg = Release|Any CPU
		{6E80C8C0-DD8E-453B-BCE5-A3DBEBB95481}.Release|Any CPU.Build.0 = Release|Any CPU
		{121B841F-537A-4F2E-A1AB-7EE39E7B6B01}.Debug|Any CPU.ActiveCfg = Debug|Any CPU
		{121B841F-537A-4F2E-A1AB-7EE39E7B6B01}.Debug|Any CPU.Build.0 = Debug|Any CPU
		{121B841F-537A-4F2E-A1AB-7EE39E7B6B01}.Release|Any CPU.ActiveCfg = Release|Any CPU
		{121B841F-537A-4F2E-A1AB-7EE39E7B6B01}.Release|Any CPU.Build.0 = Release|Any CPU
		{96B3ECCC-AB57-4168-B1D2-9A43E24E31D9}.Debug|Any CPU.ActiveCfg = Debug|Any CPU
		{96B3ECCC-AB57-4168-B1D2-9A43E24E31D9}.Debug|Any CPU.Build.0 = Debug|Any CPU
		{96B3ECCC-AB57-4168-B1D2-9A43E24E31D9}.Release|Any CPU.ActiveCfg = Release|Any CPU
		{96B3ECCC-AB57-4168-B1D2-9A43E24E31D9}.Release|Any CPU.Build.0 = Release|Any CPU
		{374411AB-D649-43EA-BCFB-F2054580394B}.Debug|Any CPU.ActiveCfg = Debug|Any CPU
		{374411AB-D649-43EA-BCFB-F2054580394B}.Debug|Any CPU.Build.0 = Debug|Any CPU
		{374411AB-D649-43EA-BCFB-F2054580394B}.Release|Any CPU.ActiveCfg = Release|Any CPU
		{374411AB-D649-43EA-BCFB-F2054580394B}.Release|Any CPU.Build.0 = Release|Any CPU
		{4D20BAF0-67C7-4434-A8F7-CDA514218CF9}.Debug|Any CPU.ActiveCfg = Debug|Any CPU
		{4D20BAF0-67C7-4434-A8F7-CDA514218CF9}.Debug|Any CPU.Build.0 = Debug|Any CPU
		{4D20BAF0-67C7-4434-A8F7-CDA514218CF9}.Release|Any CPU.ActiveCfg = Release|Any CPU
		{4D20BAF0-67C7-4434-A8F7-CDA514218CF9}.Release|Any CPU.Build.0 = Release|Any CPU
		{BEA805FC-FDA9-42C9-A1B1-03777EFBC906}.Debug|Any CPU.ActiveCfg = Debug|Any CPU
		{BEA805FC-FDA9-42C9-A1B1-03777EFBC906}.Debug|Any CPU.Build.0 = Debug|Any CPU
		{BEA805FC-FDA9-42C9-A1B1-03777EFBC906}.Release|Any CPU.ActiveCfg = Release|Any CPU
		{BEA805FC-FDA9-42C9-A1B1-03777EFBC906}.Release|Any CPU.Build.0 = Release|Any CPU
		{2E40D4F2-DBF2-403A-BE8F-D98752A64B97}.Debug|Any CPU.ActiveCfg = Debug|Any CPU
		{2E40D4F2-DBF2-403A-BE8F-D98752A64B97}.Debug|Any CPU.Build.0 = Debug|Any CPU
		{2E40D4F2-DBF2-403A-BE8F-D98752A64B97}.Release|Any CPU.ActiveCfg = Release|Any CPU
		{2E40D4F2-DBF2-403A-BE8F-D98752A64B97}.Release|Any CPU.Build.0 = Release|Any CPU
	EndGlobalSection
	GlobalSection(SolutionProperties) = preSolution
		HideSolutionNode = FALSE
	EndGlobalSection
	GlobalSection(NestedProjects) = preSolution
		{5C86BB1B-7B5D-49C6-A30C-F720756435BF} = {D56DE550-9EF2-4178-BD9A-80BA4EF1803D}
		{D7F59575-A7DA-4D72-B60B-9A2E80D85381} = {5C93A2EC-A647-4C51-AAFB-F7AA7B53C022}
		{6E80C8C0-DD8E-453B-BCE5-A3DBEBB95481} = {46217D89-0AAC-406A-A0E7-F983BF45B0A9}
		{121B841F-537A-4F2E-A1AB-7EE39E7B6B01} = {33452D68-5618-40E1-8990-2E4CD0A0B168}
		{96B3ECCC-AB57-4168-B1D2-9A43E24E31D9} = {7B7C35A9-E006-42DC-A8C8-CDCD024EEE79}
		{374411AB-D649-43EA-BCFB-F2054580394B} = {4539508E-2248-4555-BF06-F503CD727F11}
		{4D20BAF0-67C7-4434-A8F7-CDA514218CF9} = {03A6F823-4DF5-4C6C-A3A3-FD1577702BA5}
		{BEA805FC-FDA9-42C9-A1B1-03777EFBC906} = {F4D4F203-A8B4-4A39-866B-7716587C7505}
		{2E40D4F2-DBF2-403A-BE8F-D98752A64B97} = {1C8835F0-75C7-4F4F-86F7-B54C9A61341C}
	EndGlobalSection
	GlobalSection(ExtensibilityGlobals) = postSolution
		SolutionGuid = {E9E1D9A2-D9EE-4FC1-9431-1CB9C837CD72}
	EndGlobalSection
EndGlobal
